// !$*UTF8*$!
{
	archiveVersion = 1;
	classes = {
	};
	objectVersion = 55;
	objects = {

/* Begin PBXBuildFile section */
		6A2C9B782899B4DC000C4FD1 /* main.swift in Sources */ = {isa = PBXBuildFile; fileRef = 6A2C9B772899B4DC000C4FD1 /* main.swift */; };
/* End PBXBuildFile section */

/* Begin PBXCopyFilesBuildPhase section */
		6AD0044328900C6600FD23EA /* CopyFiles */ = {
			isa = PBXCopyFilesBuildPhase;
			buildActionMask = 2147483647;
			dstPath = /usr/share/man/man1/;
			dstSubfolderSpec = 0;
			files = (
			);
			runOnlyForDeploymentPostprocessing = 1;
		};
/* End PBXCopyFilesBuildPhase section */

/* Begin PBXFileReference section */
		6A2C9B772899B4DC000C4FD1 /* main.swift */ = {isa = PBXFileReference; lastKnownFileType = sourcecode.swift; path = main.swift; sourceTree = "<group>"; };
		6A982F022898C3B500FD1B12 /* 10866_덱.swift */ = {isa = PBXFileReference; lastKnownFileType = sourcecode.swift; path = "10866_덱.swift"; sourceTree = "<group>"; };
		6AD0044528900C6600FD23EA /* Algorithm Swift */ = {isa = PBXFileReference; explicitFileType = "compiled.mach-o.executable"; includeInIndex = 0; path = "Algorithm Swift"; sourceTree = BUILT_PRODUCTS_DIR; };
		6AD0044F28900CF300FD23EA /* README.md */ = {isa = PBXFileReference; lastKnownFileType = net.daringfireball.markdown; path = README.md; sourceTree = "<group>"; };
		6AD0045028900D5E00FD23EA /* Basic_1_ReadLine.swift */ = {isa = PBXFileReference; lastKnownFileType = sourcecode.swift; path = Basic_1_ReadLine.swift; sourceTree = "<group>"; };
		6AD0045428901AC200FD23EA /* Basic_2_Array.swift */ = {isa = PBXFileReference; lastKnownFileType = sourcecode.swift; path = Basic_2_Array.swift; sourceTree = "<group>"; tabWidth = 3; };
		6AD004562891EBC000FD23EA /* 10828_스택.swift */ = {isa = PBXFileReference; lastKnownFileType = sourcecode.swift; path = "10828_스택.swift"; sourceTree = "<group>"; };
		6AD0045828926B0400FD23EA /* 9093_단어 뒤집기.swift */ = {isa = PBXFileReference; lastKnownFileType = sourcecode.swift; path = "9093_단어 뒤집기.swift"; sourceTree = "<group>"; };
		6AD0045A289283C200FD23EA /* 9012_괄호.swift */ = {isa = PBXFileReference; lastKnownFileType = sourcecode.swift; path = "9012_괄호.swift"; sourceTree = "<group>"; };
		6AD0045E2892D6DC00FD23EA /* 1874_스택 수열.swift */ = {isa = PBXFileReference; lastKnownFileType = sourcecode.swift; path = "1874_스택 수열.swift"; sourceTree = "<group>"; };
		6AD004602896957D00FD23EA /* 1406_에디터.swift */ = {isa = PBXFileReference; lastKnownFileType = sourcecode.swift; path = "1406_에디터.swift"; sourceTree = "<group>"; };
		6AD004622897BFBC00FD23EA /* 10845_큐.swift */ = {isa = PBXFileReference; lastKnownFileType = sourcecode.swift; path = "10845_큐.swift"; sourceTree = "<group>"; };
		6AD004642897CFAC00FD23EA /* 1158_요시푸스 문제.swift */ = {isa = PBXFileReference; lastKnownFileType = sourcecode.swift; path = "1158_요시푸스 문제.swift"; sourceTree = "<group>"; };
		6AFDBE972898DC7500861F2A /* 17413_단어 뒤집기 2.swift */ = {isa = PBXFileReference; lastKnownFileType = sourcecode.swift; path = "17413_단어 뒤집기 2.swift"; sourceTree = "<group>"; };
/* End PBXFileReference section */

/* Begin PBXFrameworksBuildPhase section */
		6AD0044228900C6600FD23EA /* Frameworks */ = {
			isa = PBXFrameworksBuildPhase;
			buildActionMask = 2147483647;
			files = (
			);
			runOnlyForDeploymentPostprocessing = 0;
		};
/* End PBXFrameworksBuildPhase section */

/* Begin PBXGroup section */
		6AD0043C28900C6600FD23EA = {
			isa = PBXGroup;
			children = (
				6AD0044F28900CF300FD23EA /* README.md */,
				6AD0044728900C6600FD23EA /* Algorithm Swift */,
				6AD0044628900C6600FD23EA /* Products */,
			);
			sourceTree = "<group>";
		};
		6AD0044628900C6600FD23EA /* Products */ = {
			isa = PBXGroup;
			children = (
				6AD0044528900C6600FD23EA /* Algorithm Swift */,
			);
			name = Products;
			sourceTree = "<group>";
		};
		6AD0044728900C6600FD23EA /* Algorithm Swift */ = {
			isa = PBXGroup;
			children = (
				6AD0045D2892840300FD23EA /* Swift Basics */,
				6AD0045C289283D000FD23EA /* BaekJoon */,
			);
			path = "Algorithm Swift";
			sourceTree = "<group>";
		};
		6AD0045C289283D000FD23EA /* BaekJoon */ = {
			isa = PBXGroup;
			children = (
				6A982F022898C3B500FD1B12 /* 10866_덱.swift */,
				6AD0045E2892D6DC00FD23EA /* 1874_스택 수열.swift */,
				6AD004562891EBC000FD23EA /* 10828_스택.swift */,
				6AD0045828926B0400FD23EA /* 9093_단어 뒤집기.swift */,
				6AD0045A289283C200FD23EA /* 9012_괄호.swift */,
				6AD004602896957D00FD23EA /* 1406_에디터.swift */,
				6AD004622897BFBC00FD23EA /* 10845_큐.swift */,
				6AD004642897CFAC00FD23EA /* 1158_요시푸스 문제.swift */,
				6AFDBE972898DC7500861F2A /* 17413_단어 뒤집기 2.swift */,
				6A2C9B772899B4DC000C4FD1 /* main.swift */,
			);
			path = BaekJoon;
			sourceTree = "<group>";
		};
		6AD0045D2892840300FD23EA /* Swift Basics */ = {
			isa = PBXGroup;
			children = (
				6AD0045028900D5E00FD23EA /* Basic_1_ReadLine.swift */,
				6AD0045428901AC200FD23EA /* Basic_2_Array.swift */,
			);
			path = "Swift Basics";
			sourceTree = "<group>";
		};
/* End PBXGroup section */

/* Begin PBXNativeTarget section */
		6AD0044428900C6600FD23EA /* Algorithm Swift */ = {
			isa = PBXNativeTarget;
			buildConfigurationList = 6AD0044C28900C6600FD23EA /* Build configuration list for PBXNativeTarget "Algorithm Swift" */;
			buildPhases = (
				6AD0044128900C6600FD23EA /* Sources */,
				6AD0044228900C6600FD23EA /* Frameworks */,
				6AD0044328900C6600FD23EA /* CopyFiles */,
			);
			buildRules = (
			);
			dependencies = (
			);
			name = "Algorithm Swift";
			productName = "Algorithm Swift";
			productReference = 6AD0044528900C6600FD23EA /* Algorithm Swift */;
			productType = "com.apple.product-type.tool";
		};
/* End PBXNativeTarget section */

/* Begin PBXProject section */
		6AD0043D28900C6600FD23EA /* Project object */ = {
			isa = PBXProject;
			attributes = {
				BuildIndependentTargetsInParallel = 1;
				LastSwiftUpdateCheck = 1340;
				LastUpgradeCheck = 1340;
				TargetAttributes = {
					6AD0044428900C6600FD23EA = {
						CreatedOnToolsVersion = 13.4.1;
						LastSwiftMigration = 1340;
					};
				};
			};
			buildConfigurationList = 6AD0044028900C6600FD23EA /* Build configuration list for PBXProject "Algorithm Swift" */;
			compatibilityVersion = "Xcode 13.0";
			developmentRegion = en;
			hasScannedForEncodings = 0;
			knownRegions = (
				en,
				Base,
			);
			mainGroup = 6AD0043C28900C6600FD23EA;
			productRefGroup = 6AD0044628900C6600FD23EA /* Products */;
			projectDirPath = "";
			projectRoot = "";
			targets = (
				6AD0044428900C6600FD23EA /* Algorithm Swift */,
			);
		};
/* End PBXProject section */

/* Begin PBXSourcesBuildPhase section */
		6AD0044128900C6600FD23EA /* Sources */ = {
			isa = PBXSourcesBuildPhase;
			buildActionMask = 2147483647;
			files = (
				6A2C9B782899B4DC000C4FD1 /* main.swift in Sources */,
			);
			runOnlyForDeploymentPostprocessing = 0;
		};
/* End PBXSourcesBuildPhase section */

/* Begin XCBuildConfiguration section */
		6AD0044A28900C6600FD23EA /* Debug */ = {
			isa = XCBuildConfiguration;
			buildSettings = {
				ALWAYS_SEARCH_USER_PATHS = NO;
				CLANG_ANALYZER_NONNULL = YES;
				CLANG_ANALYZER_NUMBER_OBJECT_CONVERSION = YES_AGGRESSIVE;
				CLANG_CXX_LANGUAGE_STANDARD = "gnu++17";
				CLANG_ENABLE_MODULES = YES;
				CLANG_ENABLE_OBJC_ARC = YES;
				CLANG_ENABLE_OBJC_WEAK = YES;
				CLANG_WARN_BLOCK_CAPTURE_AUTORELEASING = YES;
				CLANG_WARN_BOOL_CONVERSION = YES;
				CLANG_WARN_COMMA = YES;
				CLANG_WARN_CONSTANT_CONVERSION = YES;
				CLANG_WARN_DEPRECATED_OBJC_IMPLEMENTATIONS = YES;
				CLANG_WARN_DIRECT_OBJC_ISA_USAGE = YES_ERROR;
				CLANG_WARN_DOCUMENTATION_COMMENTS = YES;
				CLANG_WARN_EMPTY_BODY = YES;
				CLANG_WARN_ENUM_CONVERSION = YES;
				CLANG_WARN_INFINITE_RECURSION = YES;
				CLANG_WARN_INT_CONVERSION = YES;
				CLANG_WARN_NON_LITERAL_NULL_CONVERSION = YES;
				CLANG_WARN_OBJC_IMPLICIT_RETAIN_SELF = YES;
				CLANG_WARN_OBJC_LITERAL_CONVERSION = YES;
				CLANG_WARN_OBJC_ROOT_CLASS = YES_ERROR;
				CLANG_WARN_QUOTED_INCLUDE_IN_FRAMEWORK_HEADER = YES;
				CLANG_WARN_RANGE_LOOP_ANALYSIS = YES;
				CLANG_WARN_STRICT_PROTOTYPES = YES;
				CLANG_WARN_SUSPICIOUS_MOVE = YES;
				CLANG_WARN_UNGUARDED_AVAILABILITY = YES_AGGRESSIVE;
				CLANG_WARN_UNREACHABLE_CODE = YES;
				CLANG_WARN__DUPLICATE_METHOD_MATCH = YES;
				COPY_PHASE_STRIP = NO;
				DEBUG_INFORMATION_FORMAT = dwarf;
				ENABLE_STRICT_OBJC_MSGSEND = YES;
				ENABLE_TESTABILITY = YES;
				GCC_C_LANGUAGE_STANDARD = gnu11;
				GCC_DYNAMIC_NO_PIC = NO;
				GCC_NO_COMMON_BLOCKS = YES;
				GCC_OPTIMIZATION_LEVEL = 0;
				GCC_PREPROCESSOR_DEFINITIONS = (
					"DEBUG=1",
					"$(inherited)",
				);
				GCC_WARN_64_TO_32_BIT_CONVERSION = YES;
				GCC_WARN_ABOUT_RETURN_TYPE = YES_ERROR;
				GCC_WARN_UNDECLARED_SELECTOR = YES;
				GCC_WARN_UNINITIALIZED_AUTOS = YES_AGGRESSIVE;
				GCC_WARN_UNUSED_FUNCTION = YES;
				GCC_WARN_UNUSED_VARIABLE = YES;
				MACOSX_DEPLOYMENT_TARGET = 12.3;
				MTL_ENABLE_DEBUG_INFO = INCLUDE_SOURCE;
				MTL_FAST_MATH = YES;
				ONLY_ACTIVE_ARCH = YES;
				SDKROOT = macosx;
				SWIFT_ACTIVE_COMPILATION_CONDITIONS = DEBUG;
				SWIFT_OPTIMIZATION_LEVEL = "-Onone";
			};
			name = Debug;
		};
		6AD0044B28900C6600FD23EA /* Release */ = {
			isa = XCBuildConfiguration;
			buildSettings = {
				ALWAYS_SEARCH_USER_PATHS = NO;
				CLANG_ANALYZER_NONNULL = YES;
				CLANG_ANALYZER_NUMBER_OBJECT_CONVERSION = YES_AGGRESSIVE;
				CLANG_CXX_LANGUAGE_STANDARD = "gnu++17";
				CLANG_ENABLE_MODULES = YES;
				CLANG_ENABLE_OBJC_ARC = YES;
				CLANG_ENABLE_OBJC_WEAK = YES;
				CLANG_WARN_BLOCK_CAPTURE_AUTORELEASING = YES;
				CLANG_WARN_BOOL_CONVERSION = YES;
				CLANG_WARN_COMMA = YES;
				CLANG_WARN_CONSTANT_CONVERSION = YES;
				CLANG_WARN_DEPRECATED_OBJC_IMPLEMENTATIONS = YES;
				CLANG_WARN_DIRECT_OBJC_ISA_USAGE = YES_ERROR;
				CLANG_WARN_DOCUMENTATION_COMMENTS = YES;
				CLANG_WARN_EMPTY_BODY = YES;
				CLANG_WARN_ENUM_CONVERSION = YES;
				CLANG_WARN_INFINITE_RECURSION = YES;
				CLANG_WARN_INT_CONVERSION = YES;
				CLANG_WARN_NON_LITERAL_NULL_CONVERSION = YES;
				CLANG_WARN_OBJC_IMPLICIT_RETAIN_SELF = YES;
				CLANG_WARN_OBJC_LITERAL_CONVERSION = YES;
				CLANG_WARN_OBJC_ROOT_CLASS = YES_ERROR;
				CLANG_WARN_QUOTED_INCLUDE_IN_FRAMEWORK_HEADER = YES;
				CLANG_WARN_RANGE_LOOP_ANALYSIS = YES;
				CLANG_WARN_STRICT_PROTOTYPES = YES;
				CLANG_WARN_SUSPICIOUS_MOVE = YES;
				CLANG_WARN_UNGUARDED_AVAILABILITY = YES_AGGRESSIVE;
				CLANG_WARN_UNREACHABLE_CODE = YES;
				CLANG_WARN__DUPLICATE_METHOD_MATCH = YES;
				COPY_PHASE_STRIP = NO;
				DEBUG_INFORMATION_FORMAT = "dwarf-with-dsym";
				ENABLE_NS_ASSERTIONS = NO;
				ENABLE_STRICT_OBJC_MSGSEND = YES;
				GCC_C_LANGUAGE_STANDARD = gnu11;
				GCC_NO_COMMON_BLOCKS = YES;
				GCC_WARN_64_TO_32_BIT_CONVERSION = YES;
				GCC_WARN_ABOUT_RETURN_TYPE = YES_ERROR;
				GCC_WARN_UNDECLARED_SELECTOR = YES;
				GCC_WARN_UNINITIALIZED_AUTOS = YES_AGGRESSIVE;
				GCC_WARN_UNUSED_FUNCTION = YES;
				GCC_WARN_UNUSED_VARIABLE = YES;
				MACOSX_DEPLOYMENT_TARGET = 12.3;
				MTL_ENABLE_DEBUG_INFO = NO;
				MTL_FAST_MATH = YES;
				SDKROOT = macosx;
				SWIFT_COMPILATION_MODE = wholemodule;
				SWIFT_OPTIMIZATION_LEVEL = "-O";
			};
			name = Release;
		};
		6AD0044D28900C6600FD23EA /* Debug */ = {
			isa = XCBuildConfiguration;
			buildSettings = {
				CLANG_ENABLE_MODULES = YES;
				CODE_SIGN_STYLE = Automatic;
				DEVELOPMENT_TEAM = 34JS69S5XZ;
				ENABLE_HARDENED_RUNTIME = YES;
				LD_RUNPATH_SEARCH_PATHS = (
					"$(inherited)",
					"@executable_path/../Frameworks",
					"@loader_path/../Frameworks",
				);
				PRODUCT_NAME = "$(TARGET_NAME)";
				SWIFT_OPTIMIZATION_LEVEL = "-Onone";
				SWIFT_VERSION = 5.0;
			};
			name = Debug;
		};
		6AD0044E28900C6600FD23EA /* Release */ = {
			isa = XCBuildConfiguration;
			buildSettings = {
				CLANG_ENABLE_MODULES = YES;
				CODE_SIGN_STYLE = Automatic;
				DEVELOPMENT_TEAM = 34JS69S5XZ;
				ENABLE_HARDENED_RUNTIME = YES;
				LD_RUNPATH_SEARCH_PATHS = (
					"$(inherited)",
					"@executable_path/../Frameworks",
					"@loader_path/../Frameworks",
				);
				PRODUCT_NAME = "$(TARGET_NAME)";
				SWIFT_VERSION = 5.0;
			};
			name = Release;
		};
/* End XCBuildConfiguration section */

/* Begin XCConfigurationList section */
		6AD0044028900C6600FD23EA /* Build configuration list for PBXProject "Algorithm Swift" */ = {
			isa = XCConfigurationList;
			buildConfigurations = (
				6AD0044A28900C6600FD23EA /* Debug */,
				6AD0044B28900C6600FD23EA /* Release */,
			);
			defaultConfigurationIsVisible = 0;
			defaultConfigurationName = Release;
		};
		6AD0044C28900C6600FD23EA /* Build configuration list for PBXNativeTarget "Algorithm Swift" */ = {
			isa = XCConfigurationList;
			buildConfigurations = (
				6AD0044D28900C6600FD23EA /* Debug */,
				6AD0044E28900C6600FD23EA /* Release */,
			);
			defaultConfigurationIsVisible = 0;
			defaultConfigurationName = Release;
		};
/* End XCConfigurationList section */
	};
	rootObject = 6AD0043D28900C6600FD23EA /* Project object */;
}
